
Microsoft Visual Studio Solution File, Format Version 12.00
# Visual Studio Version 17
VisualStudioVersion = 17.7.34221.43
MinimumVisualStudioVersion = 10.0.40219.1
Project("{FAE04EC0-301F-11D3-BF4B-00C04F79EFBC}") = "Uygulama20", "Uygulama20\Uygulama20.csproj", "{CAACEAB8-5A12-44E3-ACF1-806B919DAC94}"
EndProject
Global
	GlobalSection(SolutionConfigurationPlatforms) = preSolution
		Debug|Any CPU = Debug|Any CPU
		Release|Any CPU = Release|Any CPU
	EndGlobalSection
	GlobalSection(ProjectConfigurationPlatforms) = postSolution
		{CAACEAB8-5A12-44E3-ACF1-806B919DAC94}.Debug|Any CPU.ActiveCfg = Debug|Any CPU
		{CAACEAB8-5A12-44E3-ACF1-806B919DAC94}.Debug|Any CPU.Build.0 = Debug|Any CPU
		{CAACEAB8-5A12-44E3-ACF1-806B919DAC94}.Release|Any CPU.ActiveCfg = Release|Any CPU
		{CAACEAB8-5A12-44E3-ACF1-806B919DAC94}.Release|Any CPU.Build.0 = Release|Any CPU
	EndGlobalSection
	GlobalSection(SolutionProperties) = preSolution
		HideSolutionNode = FALSE
	EndGlobalSection
	GlobalSection(ExtensibilityGlobals) = postSolution
		SolutionGuid = {E1BD19B7-37AA-43BE-A0D0-52B56F1DA019}
	EndGlobalSection
EndGlobal
